
Microsoft Visual Studio Solution File, Format Version 12.00
# Visual Studio Version 17
VisualStudioVersion = 17.11.35303.130
MinimumVisualStudioVersion = 10.0.40219.1
Project("{9A19103F-16F7-4668-BE54-9A1E7A4F7556}") = "FlightSeatBookingSystem.Test", "FlightSeatBookingSystem.Test\FlightSeatBookingSystem.Test.csproj", "{413B02E9-A388-44D4-A3C4-228842AFA214}"
EndProject
Project("{9A19103F-16F7-4668-BE54-9A1E7A4F7556}") = "FlightSeatBookingSystem_Task", "FlightSeatBookingSystem_Task\FlightSeatBookingSystem_Task.csproj", "{D511FECA-CBF2-4ED4-B87E-F6C62C23203A}"
EndProject
Global
	GlobalSection(SolutionConfigurationPlatforms) = preSolution
		Debug|Any CPU = Debug|Any CPU
		Release|Any CPU = Release|Any CPU
	EndGlobalSection
	GlobalSection(ProjectConfigurationPlatforms) = postSolution
		{413B02E9-A388-44D4-A3C4-228842AFA214}.Debug|Any CPU.ActiveCfg = Debug|Any CPU
		{413B02E9-A388-44D4-A3C4-228842AFA214}.Debug|Any CPU.Build.0 = Debug|Any CPU
		{413B02E9-A388-44D4-A3C4-228842AFA214}.Release|Any CPU.ActiveCfg = Release|Any CPU
		{413B02E9-A388-44D4-A3C4-228842AFA214}.Release|Any CPU.Build.0 = Release|Any CPU
		{D511FECA-CBF2-4ED4-B87E-F6C62C23203A}.Debug|Any CPU.ActiveCfg = Debug|Any CPU
		{D511FECA-CBF2-4ED4-B87E-F6C62C23203A}.Debug|Any CPU.Build.0 = Debug|Any CPU
		{D511FECA-CBF2-4ED4-B87E-F6C62C23203A}.Release|Any CPU.ActiveCfg = Release|Any CPU
		{D511FECA-CBF2-4ED4-B87E-F6C62C23203A}.Release|Any CPU.Build.0 = Release|Any CPU
	EndGlobalSection
	GlobalSection(SolutionProperties) = preSolution
		HideSolutionNode = FALSE
	EndGlobalSection
	GlobalSection(ExtensibilityGlobals) = postSolution
		SolutionGuid = {B4485ADE-CCA1-4A7A-B0BF-B9A9A8BD3EA5}
	EndGlobalSection
EndGlobal
